
Microsoft Visual Studio Solution File, Format Version 12.00
# Visual Studio Version 17
VisualStudioVersion = 17.1.32421.90
MinimumVisualStudioVersion = 10.0.40219.1
Project("{FAE04EC0-301F-11D3-BF4B-00C04F79EFBC}") = "BillProtocol", "BillProtocol\BillProtocol.csproj", "{3A7121CA-6B86-472D-80E7-743DFE091DD8}"
EndProject
Global
	GlobalSection(SolutionConfigurationPlatforms) = preSolution
		Debug|Any CPU = Debug|Any CPU
		Release|Any CPU = Release|Any CPU
	EndGlobalSection
	GlobalSection(ProjectConfigurationPlatforms) = postSolution
		{3A7121CA-6B86-472D-80E7-743DFE091DD8}.Debug|Any CPU.ActiveCfg = Debug|Any CPU
		{3A7121CA-6B86-472D-80E7-743DFE091DD8}.Debug|Any CPU.Build.0 = Debug|Any CPU
		{3A7121CA-6B86-472D-80E7-743DFE091DD8}.Release|Any CPU.ActiveCfg = Release|Any CPU
		{3A7121CA-6B86-472D-80E7-743DFE091DD8}.Release|Any CPU.Build.0 = Release|Any CPU
	EndGlobalSection
	GlobalSection(SolutionProperties) = preSolution
		HideSolutionNode = FALSE
	EndGlobalSection
	GlobalSection(ExtensibilityGlobals) = postSolution
		SolutionGuid = {CD914BD3-2CD1-46B1-99B3-0AC0B750704C}
	EndGlobalSection
EndGlobal
